
Microsoft Visual Studio Solution File, Format Version 12.00
# Visual Studio Version 17
VisualStudioVersion = 17.3.32819.101
MinimumVisualStudioVersion = 10.0.40219.1
Project("{FAE04EC0-301F-11D3-BF4B-00C04F79EFBC}") = "MoneyMe.API", "MoneyMe.API\MoneyMe.API.csproj", "{E259F585-8EF7-488C-9716-74ACB73E583E}"
EndProject
Global
	GlobalSection(SolutionConfigurationPlatforms) = preSolution
		Debug|Any CPU = Debug|Any CPU
		Release|Any CPU = Release|Any CPU
	EndGlobalSection
	GlobalSection(ProjectConfigurationPlatforms) = postSolution
		{E259F585-8EF7-488C-9716-74ACB73E583E}.Debug|Any CPU.ActiveCfg = Debug|Any CPU
		{E259F585-8EF7-488C-9716-74ACB73E583E}.Debug|Any CPU.Build.0 = Debug|Any CPU
		{E259F585-8EF7-488C-9716-74ACB73E583E}.Release|Any CPU.ActiveCfg = Release|Any CPU
		{E259F585-8EF7-488C-9716-74ACB73E583E}.Release|Any CPU.Build.0 = Release|Any CPU
	EndGlobalSection
	GlobalSection(SolutionProperties) = preSolution
		HideSolutionNode = FALSE
	EndGlobalSection
	GlobalSection(ExtensibilityGlobals) = postSolution
		SolutionGuid = {FD444C3B-C630-4CD5-9FAB-4FEDAC37DE35}
	EndGlobalSection
EndGlobal
